
Microsoft Visual Studio Solution File, Format Version 12.00
# Visual Studio Version 17
VisualStudioVersion = 17.7.34031.279
MinimumVisualStudioVersion = 10.0.40219.1
Project("{FAE04EC0-301F-11D3-BF4B-00C04F79EFBC}") = "MatchGame", "MatchGame\MatchGame.csproj", "{24FD0EC9-A420-4E55-BF11-F53ECCDC1AB6}"
EndProject
Global
	GlobalSection(SolutionConfigurationPlatforms) = preSolution
		Debug|Any CPU = Debug|Any CPU
		Release|Any CPU = Release|Any CPU
	EndGlobalSection
	GlobalSection(ProjectConfigurationPlatforms) = postSolution
		{24FD0EC9-A420-4E55-BF11-F53ECCDC1AB6}.Debug|Any CPU.ActiveCfg = Debug|Any CPU
		{24FD0EC9-A420-4E55-BF11-F53ECCDC1AB6}.Debug|Any CPU.Build.0 = Debug|Any CPU
		{24FD0EC9-A420-4E55-BF11-F53ECCDC1AB6}.Release|Any CPU.ActiveCfg = Release|Any CPU
		{24FD0EC9-A420-4E55-BF11-F53ECCDC1AB6}.Release|Any CPU.Build.0 = Release|Any CPU
	EndGlobalSection
	GlobalSection(SolutionProperties) = preSolution
		HideSolutionNode = FALSE
	EndGlobalSection
	GlobalSection(ExtensibilityGlobals) = postSolution
		SolutionGuid = {46B2F2B7-7557-4E83-A3AE-BDF600BC2125}
	EndGlobalSection
EndGlobal
